
Microsoft Visual Studio Solution File, Format Version 12.00
# Visual Studio Version 17
VisualStudioVersion = 17.8.34330.188
MinimumVisualStudioVersion = 10.0.40219.1
Project("{FAE04EC0-301F-11D3-BF4B-00C04F79EFBC}") = "CSCD490SeniorProjectApi", "CSCD490SeniorProjectApi.csproj", "{8D6869E4-9A1C-4184-9DD3-9E216065368D}"
EndProject
Global
	GlobalSection(SolutionConfigurationPlatforms) = preSolution
		Debug|Any CPU = Debug|Any CPU
		Release|Any CPU = Release|Any CPU
	EndGlobalSection
	GlobalSection(ProjectConfigurationPlatforms) = postSolution
		{8D6869E4-9A1C-4184-9DD3-9E216065368D}.Debug|Any CPU.ActiveCfg = Debug|Any CPU
		{8D6869E4-9A1C-4184-9DD3-9E216065368D}.Debug|Any CPU.Build.0 = Debug|Any CPU
		{8D6869E4-9A1C-4184-9DD3-9E216065368D}.Release|Any CPU.ActiveCfg = Release|Any CPU
		{8D6869E4-9A1C-4184-9DD3-9E216065368D}.Release|Any CPU.Build.0 = Release|Any CPU
	EndGlobalSection
	GlobalSection(SolutionProperties) = preSolution
		HideSolutionNode = FALSE
	EndGlobalSection
	GlobalSection(ExtensibilityGlobals) = postSolution
		SolutionGuid = {9C244A02-164C-49FA-9F96-FB8CFD9F30A8}
	EndGlobalSection
EndGlobal
